
Microsoft Visual Studio Solution File, Format Version 12.00
# Visual Studio Version 17
VisualStudioVersion = 17.13.35825.156 d17.13
MinimumVisualStudioVersion = 10.0.40219.1
Project("{FAE04EC0-301F-11D3-BF4B-00C04F79EFBC}") = "BookLibrary", "BookLibrary\BookLibrary.csproj", "{BD3688F9-92C2-4173-A3BC-B286758B9B95}"
EndProject
Project("{FAE04EC0-301F-11D3-BF4B-00C04F79EFBC}") = "BookLibraryTests", "BookLibraryTests\BookLibraryTests.csproj", "{44125049-CA0F-45A0-A5BC-227E4FC9E6D6}"
EndProject
Global
	GlobalSection(SolutionConfigurationPlatforms) = preSolution
		Debug|Any CPU = Debug|Any CPU
		Release|Any CPU = Release|Any CPU
	EndGlobalSection
	GlobalSection(ProjectConfigurationPlatforms) = postSolution
		{BD3688F9-92C2-4173-A3BC-B286758B9B95}.Debug|Any CPU.ActiveCfg = Debug|Any CPU
		{BD3688F9-92C2-4173-A3BC-B286758B9B95}.Debug|Any CPU.Build.0 = Debug|Any CPU
		{BD3688F9-92C2-4173-A3BC-B286758B9B95}.Release|Any CPU.ActiveCfg = Release|Any CPU
		{BD3688F9-92C2-4173-A3BC-B286758B9B95}.Release|Any CPU.Build.0 = Release|Any CPU
		{44125049-CA0F-45A0-A5BC-227E4FC9E6D6}.Debug|Any CPU.ActiveCfg = Debug|Any CPU
		{44125049-CA0F-45A0-A5BC-227E4FC9E6D6}.Debug|Any CPU.Build.0 = Debug|Any CPU
		{44125049-CA0F-45A0-A5BC-227E4FC9E6D6}.Release|Any CPU.ActiveCfg = Release|Any CPU
		{44125049-CA0F-45A0-A5BC-227E4FC9E6D6}.Release|Any CPU.Build.0 = Release|Any CPU
	EndGlobalSection
	GlobalSection(SolutionProperties) = preSolution
		HideSolutionNode = FALSE
	EndGlobalSection
	GlobalSection(ExtensibilityGlobals) = postSolution
		SolutionGuid = {6278B50F-70E0-4F72-9BD7-31470D81BA5E}
	EndGlobalSection
EndGlobal
